<?xml version="1.0" encoding="utf-8"?>
<Project ToolsVersion="4.0" xmlns="http://schemas.microsoft.com/developer/msbuild/2003">
  <ItemGroup>
    <Filter Include="Source Files">
      <UniqueIdentifier>{4FC737F1-C7A5-4376-A066-2A32D752A2FF}</UniqueIdentifier>
      <Extensions>cpp;c;cc;cxx;c++;cppm;ixx;def;odl;idl;hpj;bat;asm;asmx</Extensions>
    </Filter>
    <Filter Include="Header Files">
      <UniqueIdentifier>{93995380-89BD-4b04-88EB-625FBE52EBFB}</UniqueIdentifier>
      <Extensions>h;hh;hpp;hxx;h++;hm;inl;inc;ipp;xsd</Extensions>
    </Filter>
    <Filter Include="Resource Files">
      <UniqueIdentifier>{67DA6AB6-F800-4c08-8B7A-83BB121AAD01}</UniqueIdentifier>
      <Extensions>rc;ico;cur;bmp;dlg;rc2;rct;bin;rgs;gif;jpg;jpeg;jpe;resx;tiff;tif;png;wav;mfcribbon-ms</Extensions>
    </Filter>
  </ItemGroup>
  <ItemGroup>
    <ClCompile Include="src\ai.c">
      <Filter>Source Files</Filter>
    </ClCompile>
    <ClCompile Include="src\camera.c">
      <Filter>Source Files</Filter>
    </ClCompile>
    <ClCompile Include="src\combat.c">
      <Filter>Source Files</Filter>
    </ClCompile>
    <ClCompile Include="src\input.c">
      <Filter>Source Files</Filter>
    </ClCompile>
    <ClCompile Include="src\lifecycle.c">
      <Filter>Source Files</Filter>
    </ClCompile>
    <ClCompile Include="src\main.c">
      <Filter>Source Files</Filter>
    </ClCompile>
    <ClCompile Include="src\sim.c">
      <Filter>Source Files</Filter>
    </ClCompile>
    <ClCompile Include="src\system.c">
      <Filter>Source Files</Filter>
    </ClCompile>
    <ClCompile Include="src\physics.c">
      <Filter>Source Files</Filter>
    </ClCompile>
    <ClCompile Include="src\world.c">
      <Filter>Source Files</Filter>
    </ClCompile>
    <ClCompile Include="src\game.c">
      <Filter>Source Files</Filter>
    </ClCompile>
    <ClCompile Include="src\render.c">
      <Filter>Source Files</Filter>
    </ClCompile>
    <ClCompile Include="src\physics_system.c">
      <Filter>Source Files</Filter>
    </ClCompile>
    <ClCompile Include="src\render_assets.c">
      <Filter>Source Files</Filter>
    </ClCompile>
    <ClCompile Include="src\raylib_model_loader.c">
      <Filter>Source Files</Filter>
    </ClCompile>
    <ClCompile Include="src\skinning_worker.c">
      <Filter>Source Files</Filter>
    </ClCompile>
    <ClCompile Include="src\engine_task_scheduler.c">
      <Filter>Source Files</Filter>
    </ClCompile>
    <ClCompile Include="..\..\..\..\..\..\cygwin64\home\giuli\vengine_asset_pipeline\skinning_worker.c">
      <Filter>Source Files</Filter>
    </ClCompile>
    <ClCompile Include="src\game_pool_data.c">
      <Filter>Source Files</Filter>
    </ClCompile>
    <ClCompile Include="src\game_health_system.c">
      <Filter>Source Files</Filter>
    </ClCompile>
    <ClCompile Include="src\game_archetypes.c">
      <Filter>Source Files</Filter>
    </ClCompile>
  </ItemGroup>
  <ItemGroup>
    <ClInclude Include="include\raylib.h">
      <Filter>Header Files</Filter>
    </ClInclude>
    <ClInclude Include="include\glad.h">
      <Filter>Header Files</Filter>
    </ClInclude>
    <ClInclude Include="include\raymath.h">
      <Filter>Header Files</Filter>
    </ClInclude>
    <ClInclude Include="include\rcamera.h">
      <Filter>Header Files</Filter>
    </ClInclude>
    <ClInclude Include="include\sim.h">
      <Filter>Header Files</Filter>
    </ClInclude>
    <ClInclude Include="include\vengine.h">
      <Filter>Header Files</Filter>
    </ClInclude>
    <ClInclude Include="include\query.h">
      <Filter>Header Files</Filter>
    </ClInclude>
    <ClInclude Include="include\system.h">
      <Filter>Header Files</Filter>
    </ClInclude>
    <ClInclude Include="include\game.h">
      <Filter>Header Files</Filter>
    </ClInclude>
    <ClInclude Include="include\physics.h">
      <Filter>Header Files</Filter>
    </ClInclude>
    <ClInclude Include="include\physics_system.h">
      <Filter>Header Files</Filter>
    </ClInclude>
    <ClInclude Include="include\render_assets.h">
      <Filter>Header Files</Filter>
    </ClInclude>
    <ClInclude Include="include\rlgl.h">
      <Filter>Header Files</Filter>
    </ClInclude>
    <ClInclude Include="include\vmodel_types.h">
      <Filter>Header Files</Filter>
    </ClInclude>
    <ClInclude Include="include\skinning_worker.h">
      <Filter>Header Files</Filter>
    </ClInclude>
    <ClInclude Include="include\vmodel.h">
      <Filter>Header Files</Filter>
    </ClInclude>
    <ClInclude Include="include\engine_task_scheduler.h">
      <Filter>Header Files</Filter>
    </ClInclude>
    <ClInclude Include="include\game_pool_data.h">
      <Filter>Header Files</Filter>
    </ClInclude>
    <ClInclude Include="include\game_stat_types.h">
      <Filter>Header Files</Filter>
    </ClInclude>
    <ClInclude Include="include\game_health_system.h">
      <Filter>Header Files</Filter>
    </ClInclude>
    <ClInclude Include="include\game_archetypes.h">
      <Filter>Header Files</Filter>
    </ClInclude>
  </ItemGroup>
  <ItemGroup>
    <None Include="REFACTOR.md" />
  </ItemGroup>
</Project>